
Microsoft Visual Studio Solution File, Format Version 12.00
# Visual Studio Version 17
VisualStudioVersion = 17.0.31903.59
MinimumVisualStudioVersion = 10.0.40219.1
Project("{FAE04EC0-301F-11D3-BF4B-00C04F79EFBC}") = "Zevs.Samples.EC", "Zevs.Samples.EC\Zevs.Samples.EC.csproj", "{D150D12D-F43E-4C12-ADA1-00AF15E7678A}"
EndProject
Project("{2150E333-8FDC-42A3-9474-1A3956D46DE8}") = "Docs", "Docs", "{BFA1C14A-595F-4DB6-8075-C3B5A4A60216}"
	ProjectSection(SolutionItems) = preProject
		readme.md = readme.md
	EndProjectSection
EndProject
Global
	GlobalSection(SolutionConfigurationPlatforms) = preSolution
		Debug|Any CPU = Debug|Any CPU
		Release|Any CPU = Release|Any CPU
	EndGlobalSection
	GlobalSection(ProjectConfigurationPlatforms) = postSolution
		{D150D12D-F43E-4C12-ADA1-00AF15E7678A}.Debug|Any CPU.ActiveCfg = Debug|Any CPU
		{D150D12D-F43E-4C12-ADA1-00AF15E7678A}.Debug|Any CPU.Build.0 = Debug|Any CPU
		{D150D12D-F43E-4C12-ADA1-00AF15E7678A}.Release|Any CPU.ActiveCfg = Release|Any CPU
		{D150D12D-F43E-4C12-ADA1-00AF15E7678A}.Release|Any CPU.Build.0 = Release|Any CPU
	EndGlobalSection
	GlobalSection(SolutionProperties) = preSolution
		HideSolutionNode = FALSE
	EndGlobalSection
	GlobalSection(ExtensibilityGlobals) = postSolution
		SolutionGuid = {D1DD4A28-7997-45AD-9470-559F2A1E873C}
	EndGlobalSection
EndGlobal
